
Microsoft Visual Studio Solution File, Format Version 12.00
# Visual Studio Version 17
VisualStudioVersion = 17.8.34330.188
MinimumVisualStudioVersion = 10.0.40219.1
Project("{FAE04EC0-301F-11D3-BF4B-00C04F79EFBC}") = "SNAKE-CON", "SNAKE-CON.csproj", "{35D205C8-FF3A-4F0D-8450-DE84895EF765}"
EndProject
Global
	GlobalSection(SolutionConfigurationPlatforms) = preSolution
		Debug|Any CPU = Debug|Any CPU
		Release|Any CPU = Release|Any CPU
	EndGlobalSection
	GlobalSection(ProjectConfigurationPlatforms) = postSolution
		{35D205C8-FF3A-4F0D-8450-DE84895EF765}.Debug|Any CPU.ActiveCfg = Debug|Any CPU
		{35D205C8-FF3A-4F0D-8450-DE84895EF765}.Debug|Any CPU.Build.0 = Debug|Any CPU
		{35D205C8-FF3A-4F0D-8450-DE84895EF765}.Release|Any CPU.ActiveCfg = Release|Any CPU
		{35D205C8-FF3A-4F0D-8450-DE84895EF765}.Release|Any CPU.Build.0 = Release|Any CPU
	EndGlobalSection
	GlobalSection(SolutionProperties) = preSolution
		HideSolutionNode = FALSE
	EndGlobalSection
	GlobalSection(ExtensibilityGlobals) = postSolution
		SolutionGuid = {36727357-65B6-42EC-8A8A-50BE88D0ACBF}
	EndGlobalSection
EndGlobal
